
Microsoft Visual Studio Solution File, Format Version 12.00
Project("{FAE04EC0-301F-11D3-BF4B-00C04F79EFBC}") = "Linktic.Ecommerce.OrdersManagement.Api", "Linktic.Ecommerce.OrdersManagement.Api\Linktic.Ecommerce.OrdersManagement.Api.csproj", "{345B3EA5-A61D-48D2-9B14-3D7E0B40B18C}"
EndProject
Project("{2150E333-8FDC-42A3-9474-1A3956D46DE8}") = "Solution Items", "Solution Items", "{09BFC029-F4EB-465A-831B-3D73CC32D47B}"
EndProject
Project("{FAE04EC0-301F-11D3-BF4B-00C04F79EFBC}") = "Linktic.Ecommerce.OrdersManagement.Business", "Linktic.Ecommerce.OrdersManagement.Business\Linktic.Ecommerce.OrdersManagement.Business.csproj", "{3F9E0DB5-0DD2-446F-8CF1-8884F9AFB73A}"
EndProject
Project("{FAE04EC0-301F-11D3-BF4B-00C04F79EFBC}") = "Linktic.Ecommerce.OrdersManagement.Infrastructure", "Linktic.Ecommerce.OrdersManagement.Infrastructure\Linktic.Ecommerce.OrdersManagement.Infrastructure.csproj", "{6FBA266C-4C76-4BC8-85C8-DB51C7A0F284}"
EndProject
Project("{FAE04EC0-301F-11D3-BF4B-00C04F79EFBC}") = "Linktic.Ecommerce.OrdersManagement.Domain", "Linktic.Ecommerce.OrdersManagement.Domain\Linktic.Ecommerce.OrdersManagement.Domain.csproj", "{A108A397-3D06-440C-82FA-FF26A5E0F34C}"
EndProject
Global
	GlobalSection(SolutionConfigurationPlatforms) = preSolution
		Debug|Any CPU = Debug|Any CPU
		Release|Any CPU = Release|Any CPU
	EndGlobalSection
	GlobalSection(ProjectConfigurationPlatforms) = postSolution
		{345B3EA5-A61D-48D2-9B14-3D7E0B40B18C}.Debug|Any CPU.ActiveCfg = Debug|Any CPU
		{345B3EA5-A61D-48D2-9B14-3D7E0B40B18C}.Debug|Any CPU.Build.0 = Debug|Any CPU
		{345B3EA5-A61D-48D2-9B14-3D7E0B40B18C}.Release|Any CPU.ActiveCfg = Release|Any CPU
		{345B3EA5-A61D-48D2-9B14-3D7E0B40B18C}.Release|Any CPU.Build.0 = Release|Any CPU
		{3F9E0DB5-0DD2-446F-8CF1-8884F9AFB73A}.Debug|Any CPU.ActiveCfg = Debug|Any CPU
		{3F9E0DB5-0DD2-446F-8CF1-8884F9AFB73A}.Debug|Any CPU.Build.0 = Debug|Any CPU
		{3F9E0DB5-0DD2-446F-8CF1-8884F9AFB73A}.Release|Any CPU.ActiveCfg = Release|Any CPU
		{3F9E0DB5-0DD2-446F-8CF1-8884F9AFB73A}.Release|Any CPU.Build.0 = Release|Any CPU
		{6FBA266C-4C76-4BC8-85C8-DB51C7A0F284}.Debug|Any CPU.ActiveCfg = Debug|Any CPU
		{6FBA266C-4C76-4BC8-85C8-DB51C7A0F284}.Debug|Any CPU.Build.0 = Debug|Any CPU
		{6FBA266C-4C76-4BC8-85C8-DB51C7A0F284}.Release|Any CPU.ActiveCfg = Release|Any CPU
		{6FBA266C-4C76-4BC8-85C8-DB51C7A0F284}.Release|Any CPU.Build.0 = Release|Any CPU
		{A108A397-3D06-440C-82FA-FF26A5E0F34C}.Debug|Any CPU.ActiveCfg = Debug|Any CPU
		{A108A397-3D06-440C-82FA-FF26A5E0F34C}.Debug|Any CPU.Build.0 = Debug|Any CPU
		{A108A397-3D06-440C-82FA-FF26A5E0F34C}.Release|Any CPU.ActiveCfg = Release|Any CPU
		{A108A397-3D06-440C-82FA-FF26A5E0F34C}.Release|Any CPU.Build.0 = Release|Any CPU
	EndGlobalSection
EndGlobal
